Microsoft Visual Studio Solution File, Format Version 12.00
# Visual Studio Version 17
VisualStudioVersion = 17.5.2.0
MinimumVisualStudioVersion = 10.0.40219.1
Project("{FAE04EC0-301F-11D3-BF4B-00C04F79EFBC}") = "ppo_project", "ppo_project.csproj", "{BAC46E5E-1EAB-2719-274E-0C8EFD70F74C}"
EndProject
Global
	GlobalSection(SolutionConfigurationPlatforms) = preSolution
		Debug|Any CPU = Debug|Any CPU
		Release|Any CPU = Release|Any CPU
	EndGlobalSection
	GlobalSection(ProjectConfigurationPlatforms) = postSolution
		{BAC46E5E-1EAB-2719-274E-0C8EFD70F74C}.Debug|Any CPU.ActiveCfg = Debug|Any CPU
		{BAC46E5E-1EAB-2719-274E-0C8EFD70F74C}.Debug|Any CPU.Build.0 = Debug|Any CPU
		{BAC46E5E-1EAB-2719-274E-0C8EFD70F74C}.Release|Any CPU.ActiveCfg = Release|Any CPU
		{BAC46E5E-1EAB-2719-274E-0C8EFD70F74C}.Release|Any CPU.Build.0 = Release|Any CPU
	EndGlobalSection
	GlobalSection(SolutionProperties) = preSolution
		HideSolutionNode = FALSE
	EndGlobalSection
	GlobalSection(ExtensibilityGlobals) = postSolution
		SolutionGuid = {3EB06BF3-82EF-4780-90B5-E9D5EE8A85EB}
	EndGlobalSection
EndGlobal
